
Microsoft Visual Studio Solution File, Format Version 12.00
# Visual Studio Version 17
VisualStudioVersion = 17.5.33530.505
MinimumVisualStudioVersion = 10.0.40219.1
Project("{FAE04EC0-301F-11D3-BF4B-00C04F79EFBC}") = "CharacterGenerationDND.Server", "CharacterGenerationDND\Server\CharacterGenerationDND.Server.csproj", "{C095CAFC-CEE0-44B0-A516-1EE5AC11C37F}"
EndProject
Project("{FAE04EC0-301F-11D3-BF4B-00C04F79EFBC}") = "CharacterGenerationDND.Client", "CharacterGenerationDND\Client\CharacterGenerationDND.Client.csproj", "{14AA9B52-C61A-48A1-BC66-75CA5C542DE7}"
EndProject
Project("{FAE04EC0-301F-11D3-BF4B-00C04F79EFBC}") = "CharacterGenerationDND.Shared", "CharacterGenerationDND\Shared\CharacterGenerationDND.Shared.csproj", "{C9A6DD96-7EC5-4C0D-8FDC-0BBDC5B6A2C3}"
EndProject
Global
	GlobalSection(SolutionConfigurationPlatforms) = preSolution
		Debug|Any CPU = Debug|Any CPU
		Release|Any CPU = Release|Any CPU
	EndGlobalSection
	GlobalSection(ProjectConfigurationPlatforms) = postSolution
		{C095CAFC-CEE0-44B0-A516-1EE5AC11C37F}.Debug|Any CPU.ActiveCfg = Debug|Any CPU
		{C095CAFC-CEE0-44B0-A516-1EE5AC11C37F}.Debug|Any CPU.Build.0 = Debug|Any CPU
		{C095CAFC-CEE0-44B0-A516-1EE5AC11C37F}.Release|Any CPU.ActiveCfg = Release|Any CPU
		{C095CAFC-CEE0-44B0-A516-1EE5AC11C37F}.Release|Any CPU.Build.0 = Release|Any CPU
		{14AA9B52-C61A-48A1-BC66-75CA5C542DE7}.Debug|Any CPU.ActiveCfg = Debug|Any CPU
		{14AA9B52-C61A-48A1-BC66-75CA5C542DE7}.Debug|Any CPU.Build.0 = Debug|Any CPU
		{14AA9B52-C61A-48A1-BC66-75CA5C542DE7}.Release|Any CPU.ActiveCfg = Release|Any CPU
		{14AA9B52-C61A-48A1-BC66-75CA5C542DE7}.Release|Any CPU.Build.0 = Release|Any CPU
		{C9A6DD96-7EC5-4C0D-8FDC-0BBDC5B6A2C3}.Debug|Any CPU.ActiveCfg = Debug|Any CPU
		{C9A6DD96-7EC5-4C0D-8FDC-0BBDC5B6A2C3}.Debug|Any CPU.Build.0 = Debug|Any CPU
		{C9A6DD96-7EC5-4C0D-8FDC-0BBDC5B6A2C3}.Release|Any CPU.ActiveCfg = Release|Any CPU
		{C9A6DD96-7EC5-4C0D-8FDC-0BBDC5B6A2C3}.Release|Any CPU.Build.0 = Release|Any CPU
	EndGlobalSection
	GlobalSection(SolutionProperties) = preSolution
		HideSolutionNode = FALSE
	EndGlobalSection
	GlobalSection(ExtensibilityGlobals) = postSolution
		SolutionGuid = {53BB3B7B-E12A-427E-97CB-5D3B80D6A4EA}
	EndGlobalSection
EndGlobal
